{
  "originHash" : "938aeba719a4c9a7c921caae5d37d9a482194676d5b56bf08e2fd235965407b3",
  "pins" : [
    {
      "identity" : "bwcore",
      "kind" : "remoteSourceControl",
      "location" : "https://github.com/altimes/BWCore",
      "state" : {
        "branch" : "main",
        "revision" : "faf497c4aa3b404c98a3389ecdbee2dfaa35e437"
      }
    }
  ],
  "version" : 3
}
