{
  "originHash" : "f0fdc16519f16fdfe8da97cc1dd6e5ab841796f432d80159726af696030dde8c",
  "pins" : [
    {
      "identity" : "bwcore",
      "kind" : "remoteSourceControl",
      "location" : "https://github.com/altimes/BWCore",
      "state" : {
        "branch" : "main",
        "revision" : "bfaaa97ab8550a318e6e3b874241c5a1a3cc6045"
      }
    }
  ],
  "version" : 3
}
